
Microsoft Visual Studio Solution File, Format Version 12.00
# Visual Studio Version 16
VisualStudioVersion = 16.0.29326.143
MinimumVisualStudioVersion = 10.0.40219.1
Project("{FAE04EC0-301F-11D3-BF4B-00C04F79EFBC}") = "ScrimOrganizerV2", "ScrimOrganizerV2\ScrimOrganizerV2.csproj", "{1B428A73-E6F5-4C93-990D-602933511EC8}"
EndProject
Global
	GlobalSection(SolutionConfigurationPlatforms) = preSolution
		Debug|Any CPU = Debug|Any CPU
		Release|Any CPU = Release|Any CPU
	EndGlobalSection
	GlobalSection(ProjectConfigurationPlatforms) = postSolution
		{1B428A73-E6F5-4C93-990D-602933511EC8}.Debug|Any CPU.ActiveCfg = Debug|Any CPU
		{1B428A73-E6F5-4C93-990D-602933511EC8}.Debug|Any CPU.Build.0 = Debug|Any CPU
		{1B428A73-E6F5-4C93-990D-602933511EC8}.Release|Any CPU.ActiveCfg = Release|Any CPU
		{1B428A73-E6F5-4C93-990D-602933511EC8}.Release|Any CPU.Build.0 = Release|Any CPU
	EndGlobalSection
	GlobalSection(SolutionProperties) = preSolution
		HideSolutionNode = FALSE
	EndGlobalSection
	GlobalSection(ExtensibilityGlobals) = postSolution
		SolutionGuid = {2172462C-4F4D-458B-BF7E-6C5213D2C919}
	EndGlobalSection
EndGlobal
